// !$*UTF8*$!
{
	archiveVersion = 1;
	classes = {
	};
	objectVersion = 56;
	objects = {

/* Begin PBXBuildFile section */
		001000000001 /* WorkoutTimerApp.swift in Sources */ = {isa = PBXBuildFile; fileRef = 002000000001 /* WorkoutTimerApp.swift */; };
		001000000002 /* TimerView.swift in Sources */ = {isa = PBXBuildFile; fileRef = 002000000002 /* TimerView.swift */; };
		001000000003 /* WorkoutsListView.swift in Sources */ = {isa = PBXBuildFile; fileRef = 002000000003 /* WorkoutsListView.swift */; };
		001000000004 /* WorkoutEditorView.swift in Sources */ = {isa = PBXBuildFile; fileRef = 002000000004 /* WorkoutEditorView.swift */; };
		001000000005 /* TimerDisplay.swift in Sources */ = {isa = PBXBuildFile; fileRef = 002000000005 /* TimerDisplay.swift */; };
		001000000006 /* PhaseLabel.swift in Sources */ = {isa = PBXBuildFile; fileRef = 002000000006 /* PhaseLabel.swift */; };
		001000000007 /* SettingsCard.swift in Sources */ = {isa = PBXBuildFile; fileRef = 002000000007 /* SettingsCard.swift */; };
		001000000008 /* ControlButtons.swift in Sources */ = {isa = PBXBuildFile; fileRef = 002000000008 /* ControlButtons.swift */; };
		001000000009 /* Workout.swift in Sources */ = {isa = PBXBuildFile; fileRef = 002000000009 /* Workout.swift */; };
		001000000010 /* TimerPhase.swift in Sources */ = {isa = PBXBuildFile; fileRef = 002000000010 /* TimerPhase.swift */; };
		001000000011 /* TimerState.swift in Sources */ = {isa = PBXBuildFile; fileRef = 002000000011 /* TimerState.swift */; };
		001000000012 /* AudioManager.swift in Sources */ = {isa = PBXBuildFile; fileRef = 002000000012 /* AudioManager.swift */; };
		001000000013 /* HapticManager.swift in Sources */ = {isa = PBXBuildFile; fileRef = 002000000013 /* HapticManager.swift */; };
		001000000014 /* NowPlayingManager.swift in Sources */ = {isa = PBXBuildFile; fileRef = 002000000014 /* NowPlayingManager.swift */; };
		001000000015 /* WorkoutStorage.swift in Sources */ = {isa = PBXBuildFile; fileRef = 002000000015 /* WorkoutStorage.swift */; };
		001000000016 /* Assets.xcassets in Resources */ = {isa = PBXBuildFile; fileRef = 002000000016 /* Assets.xcassets */; };
		001000000017 /* countdown.mp3 in Resources */ = {isa = PBXBuildFile; fileRef = 002000000017 /* countdown.mp3 */; };
		001000000018 /* phase.mp3 in Resources */ = {isa = PBXBuildFile; fileRef = 002000000018 /* phase.mp3 */; };
		001000000019 /* rest.mp3 in Resources */ = {isa = PBXBuildFile; fileRef = 002000000019 /* rest.mp3 */; };
		001000000020 /* complete.mp3 in Resources */ = {isa = PBXBuildFile; fileRef = 002000000020 /* complete.mp3 */; };
		001000000021 /* Typography.swift in Sources */ = {isa = PBXBuildFile; fileRef = 002000000021 /* Typography.swift */; };
		001000000022 /* AnimationConstants.swift in Sources */ = {isa = PBXBuildFile; fileRef = 002000000022 /* AnimationConstants.swift */; };
		001000000023 /* GlassButtonStyle.swift in Sources */ = {isa = PBXBuildFile; fileRef = 002000000023 /* GlassButtonStyle.swift */; };
		001000000024 /* AnimatedPhaseBackground.swift in Sources */ = {isa = PBXBuildFile; fileRef = 002000000024 /* AnimatedPhaseBackground.swift */; };
		001000000025 /* WorkoutCompleteOverlay.swift in Sources */ = {isa = PBXBuildFile; fileRef = 002000000025 /* WorkoutCompleteOverlay.swift */; };
		C1812B162F2C22E700CBA6BB /* IconExportView.swift in Sources */ = {isa = PBXBuildFile; fileRef = C1812B152F2C22E700CBA6BB /* IconExportView.swift */; };
		C1B79F642F2C1D410007DBC3 /* PrivacyInfo.xcprivacy in Resources */ = {isa = PBXBuildFile; fileRef = C1B79F632F2C1D410007DBC3 /* PrivacyInfo.xcprivacy */; };
/* End PBXBuildFile section */

/* Begin PBXFileReference section */
		002000000001 /* WorkoutTimerApp.swift */ = {isa = PBXFileReference; lastKnownFileType = sourcecode.swift; path = WorkoutTimerApp.swift; sourceTree = "<group>"; };
		002000000002 /* TimerView.swift */ = {isa = PBXFileReference; lastKnownFileType = sourcecode.swift; path = TimerView.swift; sourceTree = "<group>"; };
		002000000003 /* WorkoutsListView.swift */ = {isa = PBXFileReference; lastKnownFileType = sourcecode.swift; path = WorkoutsListView.swift; sourceTree = "<group>"; };
		002000000004 /* WorkoutEditorView.swift */ = {isa = PBXFileReference; lastKnownFileType = sourcecode.swift; path = WorkoutEditorView.swift; sourceTree = "<group>"; };
		002000000005 /* TimerDisplay.swift */ = {isa = PBXFileReference; lastKnownFileType = sourcecode.swift; path = TimerDisplay.swift; sourceTree = "<group>"; };
		002000000006 /* PhaseLabel.swift */ = {isa = PBXFileReference; lastKnownFileType = sourcecode.swift; path = PhaseLabel.swift; sourceTree = "<group>"; };
		002000000007 /* SettingsCard.swift */ = {isa = PBXFileReference; lastKnownFileType = sourcecode.swift; path = SettingsCard.swift; sourceTree = "<group>"; };
		002000000008 /* ControlButtons.swift */ = {isa = PBXFileReference; lastKnownFileType = sourcecode.swift; path = ControlButtons.swift; sourceTree = "<group>"; };
		002000000009 /* Workout.swift */ = {isa = PBXFileReference; lastKnownFileType = sourcecode.swift; path = Workout.swift; sourceTree = "<group>"; };
		002000000010 /* TimerPhase.swift */ = {isa = PBXFileReference; lastKnownFileType = sourcecode.swift; path = TimerPhase.swift; sourceTree = "<group>"; };
		002000000011 /* TimerState.swift */ = {isa = PBXFileReference; lastKnownFileType = sourcecode.swift; path = TimerState.swift; sourceTree = "<group>"; };
		002000000012 /* AudioManager.swift */ = {isa = PBXFileReference; lastKnownFileType = sourcecode.swift; path = AudioManager.swift; sourceTree = "<group>"; };
		002000000013 /* HapticManager.swift */ = {isa = PBXFileReference; lastKnownFileType = sourcecode.swift; path = HapticManager.swift; sourceTree = "<group>"; };
		002000000014 /* NowPlayingManager.swift */ = {isa = PBXFileReference; lastKnownFileType = sourcecode.swift; path = NowPlayingManager.swift; sourceTree = "<group>"; };
		002000000015 /* WorkoutStorage.swift */ = {isa = PBXFileReference; lastKnownFileType = sourcecode.swift; path = WorkoutStorage.swift; sourceTree = "<group>"; };
		002000000016 /* Assets.xcassets */ = {isa = PBXFileReference; lastKnownFileType = folder.assetcatalog; path = Assets.xcassets; sourceTree = "<group>"; };
		002000000017 /* countdown.mp3 */ = {isa = PBXFileReference; lastKnownFileType = audio.mp3; path = countdown.mp3; sourceTree = "<group>"; };
		002000000018 /* phase.mp3 */ = {isa = PBXFileReference; lastKnownFileType = audio.mp3; path = phase.mp3; sourceTree = "<group>"; };
		002000000019 /* rest.mp3 */ = {isa = PBXFileReference; lastKnownFileType = audio.mp3; path = rest.mp3; sourceTree = "<group>"; };
		002000000020 /* complete.mp3 */ = {isa = PBXFileReference; lastKnownFileType = audio.mp3; path = complete.mp3; sourceTree = "<group>"; };
		002000000021 /* Typography.swift */ = {isa = PBXFileReference; lastKnownFileType = sourcecode.swift; path = Typography.swift; sourceTree = "<group>"; };
		002000000022 /* AnimationConstants.swift */ = {isa = PBXFileReference; lastKnownFileType = sourcecode.swift; path = AnimationConstants.swift; sourceTree = "<group>"; };
		002000000023 /* GlassButtonStyle.swift */ = {isa = PBXFileReference; lastKnownFileType = sourcecode.swift; path = GlassButtonStyle.swift; sourceTree = "<group>"; };
		002000000024 /* AnimatedPhaseBackground.swift */ = {isa = PBXFileReference; lastKnownFileType = sourcecode.swift; path = AnimatedPhaseBackground.swift; sourceTree = "<group>"; };
		002000000025 /* WorkoutCompleteOverlay.swift */ = {isa = PBXFileReference; lastKnownFileType = sourcecode.swift; path = WorkoutCompleteOverlay.swift; sourceTree = "<group>"; };
		003000000001 /* WorkoutTimer.app */ = {isa = PBXFileReference; explicitFileType = wrapper.application; includeInIndex = 0; path = WorkoutTimer.app; sourceTree = BUILT_PRODUCTS_DIR; };
		C1812B152F2C22E700CBA6BB /* IconExportView.swift */ = {isa = PBXFileReference; lastKnownFileType = sourcecode.swift; name = IconExportView.swift; path = WorkoutTimer/Views/IconExportView.swift; sourceTree = "<group>"; };
		C1B79F632F2C1D410007DBC3 /* PrivacyInfo.xcprivacy */ = {isa = PBXFileReference; lastKnownFileType = text.xml; path = PrivacyInfo.xcprivacy; sourceTree = "<group>"; };
/* End PBXFileReference section */

/* Begin PBXFrameworksBuildPhase section */
		004000000001 /* Frameworks */ = {
			isa = PBXFrameworksBuildPhase;
			buildActionMask = 2147483647;
			files = (
			);
			runOnlyForDeploymentPostprocessing = 0;
		};
/* End PBXFrameworksBuildPhase section */

/* Begin PBXGroup section */
		005000000001 = {
			isa = PBXGroup;
			children = (
				C1812B152F2C22E700CBA6BB /* IconExportView.swift */,
				005000000002 /* WorkoutTimer */,
				005000000003 /* Products */,
			);
			sourceTree = "<group>";
		};
		005000000002 /* WorkoutTimer */ = {
			isa = PBXGroup;
			children = (
				C1B79F632F2C1D410007DBC3 /* PrivacyInfo.xcprivacy */,
				002000000001 /* WorkoutTimerApp.swift */,
				005000000004 /* Models */,
				005000000005 /* Views */,
				005000000006 /* Services */,
				005000000007 /* Storage */,
				005000000011 /* Styles */,
				005000000008 /* Resources */,
				002000000016 /* Assets.xcassets */,
			);
			path = WorkoutTimer;
			sourceTree = "<group>";
		};
		005000000003 /* Products */ = {
			isa = PBXGroup;
			children = (
				003000000001 /* WorkoutTimer.app */,
			);
			name = Products;
			sourceTree = "<group>";
		};
		005000000004 /* Models */ = {
			isa = PBXGroup;
			children = (
				002000000009 /* Workout.swift */,
				002000000010 /* TimerPhase.swift */,
				002000000011 /* TimerState.swift */,
			);
			path = Models;
			sourceTree = "<group>";
		};
		005000000005 /* Views */ = {
			isa = PBXGroup;
			children = (
				002000000002 /* TimerView.swift */,
				002000000003 /* WorkoutsListView.swift */,
				002000000004 /* WorkoutEditorView.swift */,
				005000000009 /* Components */,
			);
			path = Views;
			sourceTree = "<group>";
		};
		005000000006 /* Services */ = {
			isa = PBXGroup;
			children = (
				002000000012 /* AudioManager.swift */,
				002000000013 /* HapticManager.swift */,
				002000000014 /* NowPlayingManager.swift */,
			);
			path = Services;
			sourceTree = "<group>";
		};
		005000000007 /* Storage */ = {
			isa = PBXGroup;
			children = (
				002000000015 /* WorkoutStorage.swift */,
			);
			path = Storage;
			sourceTree = "<group>";
		};
		005000000008 /* Resources */ = {
			isa = PBXGroup;
			children = (
				005000000010 /* Sounds */,
			);
			path = Resources;
			sourceTree = "<group>";
		};
		005000000009 /* Components */ = {
			isa = PBXGroup;
			children = (
				002000000005 /* TimerDisplay.swift */,
				002000000006 /* PhaseLabel.swift */,
				002000000007 /* SettingsCard.swift */,
				002000000008 /* ControlButtons.swift */,
				002000000024 /* AnimatedPhaseBackground.swift */,
				002000000025 /* WorkoutCompleteOverlay.swift */,
			);
			path = Components;
			sourceTree = "<group>";
		};
		005000000010 /* Sounds */ = {
			isa = PBXGroup;
			children = (
				002000000017 /* countdown.mp3 */,
				002000000018 /* phase.mp3 */,
				002000000019 /* rest.mp3 */,
				002000000020 /* complete.mp3 */,
			);
			path = Sounds;
			sourceTree = "<group>";
		};
		005000000011 /* Styles */ = {
			isa = PBXGroup;
			children = (
				002000000021 /* Typography.swift */,
				002000000022 /* AnimationConstants.swift */,
				002000000023 /* GlassButtonStyle.swift */,
			);
			path = Styles;
			sourceTree = "<group>";
		};
/* End PBXGroup section */

/* Begin PBXNativeTarget section */
		006000000001 /* WorkoutTimer */ = {
			isa = PBXNativeTarget;
			buildConfigurationList = 007000000001 /* Build configuration list for PBXNativeTarget "WorkoutTimer" */;
			buildPhases = (
				006000000002 /* Sources */,
				004000000001 /* Frameworks */,
				006000000003 /* Resources */,
			);
			buildRules = (
			);
			dependencies = (
			);
			name = WorkoutTimer;
			productName = WorkoutTimer;
			productReference = 003000000001 /* WorkoutTimer.app */;
			productType = "com.apple.product-type.application";
		};
/* End PBXNativeTarget section */

/* Begin PBXProject section */
		008000000001 /* Project object */ = {
			isa = PBXProject;
			attributes = {
				BuildIndependentTargetsInParallel = 1;
				LastSwiftUpdateCheck = 1600;
				LastUpgradeCheck = 1600;
				TargetAttributes = {
					006000000001 = {
						CreatedOnToolsVersion = 16.0;
					};
				};
			};
			buildConfigurationList = 007000000002 /* Build configuration list for PBXProject "WorkoutTimer" */;
			compatibilityVersion = "Xcode 14.0";
			developmentRegion = en;
			hasScannedForEncodings = 0;
			knownRegions = (
				en,
				Base,
			);
			mainGroup = 005000000001;
			productRefGroup = 005000000003 /* Products */;
			projectDirPath = "";
			projectRoot = "";
			targets = (
				006000000001 /* WorkoutTimer */,
			);
		};
/* End PBXProject section */

/* Begin PBXResourcesBuildPhase section */
		006000000003 /* Resources */ = {
			isa = PBXResourcesBuildPhase;
			buildActionMask = 2147483647;
			files = (
				C1B79F642F2C1D410007DBC3 /* PrivacyInfo.xcprivacy in Resources */,
				001000000016 /* Assets.xcassets in Resources */,
				001000000017 /* countdown.mp3 in Resources */,
				001000000018 /* phase.mp3 in Resources */,
				001000000019 /* rest.mp3 in Resources */,
				001000000020 /* complete.mp3 in Resources */,
			);
			runOnlyForDeploymentPostprocessing = 0;
		};
/* End PBXResourcesBuildPhase section */

/* Begin PBXSourcesBuildPhase section */
		006000000002 /* Sources */ = {
			isa = PBXSourcesBuildPhase;
			buildActionMask = 2147483647;
			files = (
				C1812B162F2C22E700CBA6BB /* IconExportView.swift in Sources */,
				001000000001 /* WorkoutTimerApp.swift in Sources */,
				001000000002 /* TimerView.swift in Sources */,
				001000000003 /* WorkoutsListView.swift in Sources */,
				001000000004 /* WorkoutEditorView.swift in Sources */,
				001000000005 /* TimerDisplay.swift in Sources */,
				001000000006 /* PhaseLabel.swift in Sources */,
				001000000007 /* SettingsCard.swift in Sources */,
				001000000008 /* ControlButtons.swift in Sources */,
				001000000009 /* Workout.swift in Sources */,
				001000000010 /* TimerPhase.swift in Sources */,
				001000000011 /* TimerState.swift in Sources */,
				001000000012 /* AudioManager.swift in Sources */,
				001000000013 /* HapticManager.swift in Sources */,
				001000000014 /* NowPlayingManager.swift in Sources */,
				001000000015 /* WorkoutStorage.swift in Sources */,
				001000000021 /* Typography.swift in Sources */,
				001000000022 /* AnimationConstants.swift in Sources */,
				001000000023 /* GlassButtonStyle.swift in Sources */,
				001000000024 /* AnimatedPhaseBackground.swift in Sources */,
				001000000025 /* WorkoutCompleteOverlay.swift in Sources */,
			);
			runOnlyForDeploymentPostprocessing = 0;
		};
/* End PBXSourcesBuildPhase section */

/* Begin XCBuildConfiguration section */
		009000000001 /* Debug */ = {
			isa = XCBuildConfiguration;
			buildSettings = {
				ALWAYS_SEARCH_USER_PATHS = NO;
				ASSETCATALOG_COMPILER_GENERATE_SWIFT_ASSET_SYMBOL_EXTENSIONS = YES;
				CLANG_ANALYZER_NONNULL = YES;
				CLANG_ANALYZER_NUMBER_OBJECT_CONVERSION = YES_AGGRESSIVE;
				CLANG_CXX_LANGUAGE_STANDARD = "gnu++20";
				CLANG_ENABLE_MODULES = YES;
				CLANG_ENABLE_OBJC_ARC = YES;
				CLANG_ENABLE_OBJC_WEAK = YES;
				CLANG_WARN_BLOCK_CAPTURE_AUTORELEASING = YES;
				CLANG_WARN_BOOL_CONVERSION = YES;
				CLANG_WARN_COMMA = YES;
				CLANG_WARN_CONSTANT_CONVERSION = YES;
				CLANG_WARN_DEPRECATED_OBJC_IMPLEMENTATIONS = YES;
				CLANG_WARN_DIRECT_OBJC_ISA_USAGE = YES_ERROR;
				CLANG_WARN_DOCUMENTATION_COMMENTS = YES;
				CLANG_WARN_EMPTY_BODY = YES;
				CLANG_WARN_ENUM_CONVERSION = YES;
				CLANG_WARN_INFINITE_RECURSION = YES;
				CLANG_WARN_INT_CONVERSION = YES;
				CLANG_WARN_NON_LITERAL_NULL_CONVERSION = YES;
				CLANG_WARN_OBJC_IMPLICIT_RETAIN_SELF = YES;
				CLANG_WARN_OBJC_LITERAL_CONVERSION = YES;
				CLANG_WARN_OBJC_ROOT_CLASS = YES_ERROR;
				CLANG_WARN_QUOTED_INCLUDE_IN_FRAMEWORK_HEADER = YES;
				CLANG_WARN_RANGE_LOOP_ANALYSIS = YES;
				CLANG_WARN_STRICT_PROTOTYPES = YES;
				CLANG_WARN_SUSPICIOUS_MOVE = YES;
				CLANG_WARN_UNGUARDED_AVAILABILITY = YES_AGGRESSIVE;
				CLANG_WARN_UNREACHABLE_CODE = YES;
				CLANG_WARN__DUPLICATE_METHOD_MATCH = YES;
				COPY_PHASE_STRIP = NO;
				DEBUG_INFORMATION_FORMAT = dwarf;
				ENABLE_STRICT_OBJC_MSGSEND = YES;
				ENABLE_TESTABILITY = YES;
				ENABLE_USER_SCRIPT_SANDBOXING = YES;
				GCC_C_LANGUAGE_STANDARD = gnu17;
				GCC_DYNAMIC_NO_PIC = NO;
				GCC_NO_COMMON_BLOCKS = YES;
				GCC_OPTIMIZATION_LEVEL = 0;
				GCC_PREPROCESSOR_DEFINITIONS = (
					"DEBUG=1",
					"$(inherited)",
				);
				GCC_WARN_64_TO_32_BIT_CONVERSION = YES;
				GCC_WARN_ABOUT_RETURN_TYPE = YES_ERROR;
				GCC_WARN_UNDECLARED_SELECTOR = YES;
				GCC_WARN_UNINITIALIZED_AUTOS = YES_AGGRESSIVE;
				GCC_WARN_UNUSED_FUNCTION = YES;
				GCC_WARN_UNUSED_VARIABLE = YES;
				IPHONEOS_DEPLOYMENT_TARGET = 17.0;
				LOCALIZATION_PREFERS_STRING_CATALOGS = YES;
				MTL_ENABLE_DEBUG_INFO = INCLUDE_SOURCE;
				MTL_FAST_MATH = YES;
				ONLY_ACTIVE_ARCH = YES;
				SDKROOT = iphoneos;
				SWIFT_ACTIVE_COMPILATION_CONDITIONS = "DEBUG $(inherited)";
				SWIFT_OPTIMIZATION_LEVEL = "-Onone";
			};
			name = Debug;
		};
		009000000002 /* Release */ = {
			isa = XCBuildConfiguration;
			buildSettings = {
				ALWAYS_SEARCH_USER_PATHS = NO;
				ASSETCATALOG_COMPILER_GENERATE_SWIFT_ASSET_SYMBOL_EXTENSIONS = YES;
				CLANG_ANALYZER_NONNULL = YES;
				CLANG_ANALYZER_NUMBER_OBJECT_CONVERSION = YES_AGGRESSIVE;
				CLANG_CXX_LANGUAGE_STANDARD = "gnu++20";
				CLANG_ENABLE_MODULES = YES;
				CLANG_ENABLE_OBJC_ARC = YES;
				CLANG_ENABLE_OBJC_WEAK = YES;
				CLANG_WARN_BLOCK_CAPTURE_AUTORELEASING = YES;
				CLANG_WARN_BOOL_CONVERSION = YES;
				CLANG_WARN_COMMA = YES;
				CLANG_WARN_CONSTANT_CONVERSION = YES;
				CLANG_WARN_DEPRECATED_OBJC_IMPLEMENTATIONS = YES;
				CLANG_WARN_DIRECT_OBJC_ISA_USAGE = YES_ERROR;
				CLANG_WARN_DOCUMENTATION_COMMENTS = YES;
				CLANG_WARN_EMPTY_BODY = YES;
				CLANG_WARN_ENUM_CONVERSION = YES;
				CLANG_WARN_INFINITE_RECURSION = YES;
				CLANG_WARN_INT_CONVERSION = YES;
				CLANG_WARN_NON_LITERAL_NULL_CONVERSION = YES;
				CLANG_WARN_OBJC_IMPLICIT_RETAIN_SELF = YES;
				CLANG_WARN_OBJC_LITERAL_CONVERSION = YES;
				CLANG_WARN_OBJC_ROOT_CLASS = YES_ERROR;
				CLANG_WARN_QUOTED_INCLUDE_IN_FRAMEWORK_HEADER = YES;
				CLANG_WARN_RANGE_LOOP_ANALYSIS = YES;
				CLANG_WARN_STRICT_PROTOTYPES = YES;
				CLANG_WARN_SUSPICIOUS_MOVE = YES;
				CLANG_WARN_UNGUARDED_AVAILABILITY = YES_AGGRESSIVE;
				CLANG_WARN_UNREACHABLE_CODE = YES;
				CLANG_WARN__DUPLICATE_METHOD_MATCH = YES;
				COPY_PHASE_STRIP = NO;
				DEBUG_INFORMATION_FORMAT = "dwarf-with-dsym";
				ENABLE_NS_ASSERTIONS = NO;
				ENABLE_STRICT_OBJC_MSGSEND = YES;
				ENABLE_USER_SCRIPT_SANDBOXING = YES;
				GCC_C_LANGUAGE_STANDARD = gnu17;
				GCC_NO_COMMON_BLOCKS = YES;
				GCC_WARN_64_TO_32_BIT_CONVERSION = YES;
				GCC_WARN_ABOUT_RETURN_TYPE = YES_ERROR;
				GCC_WARN_UNDECLARED_SELECTOR = YES;
				GCC_WARN_UNINITIALIZED_AUTOS = YES_AGGRESSIVE;
				GCC_WARN_UNUSED_FUNCTION = YES;
				GCC_WARN_UNUSED_VARIABLE = YES;
				IPHONEOS_DEPLOYMENT_TARGET = 17.0;
				LOCALIZATION_PREFERS_STRING_CATALOGS = YES;
				MTL_ENABLE_DEBUG_INFO = NO;
				MTL_FAST_MATH = YES;
				SDKROOT = iphoneos;
				SWIFT_COMPILATION_MODE = wholemodule;
				VALIDATE_PRODUCT = YES;
			};
			name = Release;
		};
		009000000003 /* Debug */ = {
			isa = XCBuildConfiguration;
			buildSettings = {
				ASSETCATALOG_COMPILER_APPICON_NAME = AppIcon;
				ASSETCATALOG_COMPILER_GLOBAL_ACCENT_COLOR_NAME = AccentColor;
				CODE_SIGN_STYLE = Automatic;
				CURRENT_PROJECT_VERSION = 1;
				DEVELOPMENT_TEAM = D4ZM7T3TWA;
				ENABLE_PREVIEWS = YES;
				GENERATE_INFOPLIST_FILE = YES;
				INFOPLIST_FILE = WorkoutTimer/Info.plist;
				INFOPLIST_KEY_UIApplicationSceneManifest_Generation = YES;
				INFOPLIST_KEY_UIApplicationSupportsIndirectInputEvents = YES;
				INFOPLIST_KEY_UILaunchScreen_Generation = YES;
				INFOPLIST_KEY_UISupportedInterfaceOrientations_iPad = "UIInterfaceOrientationPortrait UIInterfaceOrientationPortraitUpsideDown UIInterfaceOrientationLandscapeLeft UIInterfaceOrientationLandscapeRight";
				INFOPLIST_KEY_UISupportedInterfaceOrientations_iPhone = "UIInterfaceOrientationPortrait";
				LD_RUNPATH_SEARCH_PATHS = (
					"$(inherited)",
					"@executable_path/Frameworks",
				);
				MARKETING_VERSION = 1.0;
				PRODUCT_BUNDLE_IDENTIFIER = com.freemanjiang.timer;
				PRODUCT_NAME = "$(TARGET_NAME)";
				SWIFT_EMIT_LOC_STRINGS = YES;
				SWIFT_VERSION = 5.0;
				TARGETED_DEVICE_FAMILY = "1,2";
			};
			name = Debug;
		};
		009000000004 /* Release */ = {
			isa = XCBuildConfiguration;
			buildSettings = {
				ASSETCATALOG_COMPILER_APPICON_NAME = AppIcon;
				ASSETCATALOG_COMPILER_GLOBAL_ACCENT_COLOR_NAME = AccentColor;
				CODE_SIGN_STYLE = Automatic;
				CURRENT_PROJECT_VERSION = 1;
				DEVELOPMENT_TEAM = D4ZM7T3TWA;
				ENABLE_PREVIEWS = YES;
				GENERATE_INFOPLIST_FILE = YES;
				INFOPLIST_FILE = WorkoutTimer/Info.plist;
				INFOPLIST_KEY_UIApplicationSceneManifest_Generation = YES;
				INFOPLIST_KEY_UIApplicationSupportsIndirectInputEvents = YES;
				INFOPLIST_KEY_UILaunchScreen_Generation = YES;
				INFOPLIST_KEY_UISupportedInterfaceOrientations_iPad = "UIInterfaceOrientationPortrait UIInterfaceOrientationPortraitUpsideDown UIInterfaceOrientationLandscapeLeft UIInterfaceOrientationLandscapeRight";
				INFOPLIST_KEY_UISupportedInterfaceOrientations_iPhone = "UIInterfaceOrientationPortrait";
				LD_RUNPATH_SEARCH_PATHS = (
					"$(inherited)",
					"@executable_path/Frameworks",
				);
				MARKETING_VERSION = 1.0;
				PRODUCT_BUNDLE_IDENTIFIER = com.freemanjiang.timer;
				PRODUCT_NAME = "$(TARGET_NAME)";
				SWIFT_EMIT_LOC_STRINGS = YES;
				SWIFT_VERSION = 5.0;
				TARGETED_DEVICE_FAMILY = "1,2";
			};
			name = Release;
		};
/* End XCBuildConfiguration section */

/* Begin XCConfigurationList section */
		007000000001 /* Build configuration list for PBXNativeTarget "WorkoutTimer" */ = {
			isa = XCConfigurationList;
			buildConfigurations = (
				009000000003 /* Debug */,
				009000000004 /* Release */,
			);
			defaultConfigurationIsVisible = 0;
			defaultConfigurationName = Release;
		};
		007000000002 /* Build configuration list for PBXProject "WorkoutTimer" */ = {
			isa = XCConfigurationList;
			buildConfigurations = (
				009000000001 /* Debug */,
				009000000002 /* Release */,
			);
			defaultConfigurationIsVisible = 0;
			defaultConfigurationName = Release;
		};
/* End XCConfigurationList section */
	};
	rootObject = 008000000001 /* Project object */;
}
